PODS:
  - OrzSysDebug (0.0.1)

DEPENDENCIES:
  - OrzSysDebug (from `../OrzSysDebug.podspec`)

EXTERNAL SOURCES:
  OrzSysDebug:
    :path: ../OrzSysDebug.podspec

SPEC CHECKSUMS:
  OrzSysDebug: d37ff7db0ab88d996e1b4c16cdd8457af869824a

PODFILE CHECKSUM: efd99a5a95be821da24a0e92eab43d044afe35d4

COCOAPODS: 1.4.0
