PODS:
  - OrzSysDebug (0.0.1)

DEPENDENCIES:
  - OrzSysDebug (from `../OrzSysDebug.podspec`)

EXTERNAL SOURCES:
  OrzSysDebug:
    :path: ../OrzSysDebug.podspec

SPEC CHECKSUMS:
  OrzSysDebug: ec49e362e2ddd44d81a7f84f6c3e4e31a5215cba

PODFILE CHECKSUM: efd99a5a95be821da24a0e92eab43d044afe35d4

COCOAPODS: 1.4.0
