PODS:
  - OrzSysDebug (0.0.2)

DEPENDENCIES:
  - OrzSysDebug (from `../OrzSysDebug.podspec`)

EXTERNAL SOURCES:
  OrzSysDebug:
    :path: ../OrzSysDebug.podspec

SPEC CHECKSUMS:
  OrzSysDebug: 4b7c560ae9a4f7e8ba0d7e01797c556e05ede626

PODFILE CHECKSUM: efd99a5a95be821da24a0e92eab43d044afe35d4

COCOAPODS: 1.4.0
